
Microsoft Visual Studio Solution File, Format Version 12.00
# Visual Studio Version 17
VisualStudioVersion = 17.0.31903.59
MinimumVisualStudioVersion = 10.0.40219.1
Project("{FAE04EC0-301F-11D3-BF4B-00C04F79EFBC}") = "PrimeService", "PrimeService\PrimeService.csproj", "{23780BDB-80F0-45A1-87CC-B32D398A5116}"
EndProject
Project("{FAE04EC0-301F-11D3-BF4B-00C04F79EFBC}") = "PrimeService.Tests", "PrimeService.Tests\PrimeService.Tests.csproj", "{390182AB-0121-4D2B-8A0C-EADDFB87C3D3}"
EndProject
Global
	GlobalSection(SolutionConfigurationPlatforms) = preSolution
		Debug|Any CPU = Debug|Any CPU
		Release|Any CPU = Release|Any CPU
	EndGlobalSection
	GlobalSection(SolutionProperties) = preSolution
		HideSolutionNode = FALSE
	EndGlobalSection
	GlobalSection(ProjectConfigurationPlatforms) = postSolution
		{23780BDB-80F0-45A1-87CC-B32D398A5116}.Debug|Any CPU.ActiveCfg = Debug|Any CPU
		{23780BDB-80F0-45A1-87CC-B32D398A5116}.Debug|Any CPU.Build.0 = Debug|Any CPU
		{23780BDB-80F0-45A1-87CC-B32D398A5116}.Release|Any CPU.ActiveCfg = Release|Any CPU
		{23780BDB-80F0-45A1-87CC-B32D398A5116}.Release|Any CPU.Build.0 = Release|Any CPU
		{390182AB-0121-4D2B-8A0C-EADDFB87C3D3}.Debug|Any CPU.ActiveCfg = Debug|Any CPU
		{390182AB-0121-4D2B-8A0C-EADDFB87C3D3}.Debug|Any CPU.Build.0 = Debug|Any CPU
		{390182AB-0121-4D2B-8A0C-EADDFB87C3D3}.Release|Any CPU.ActiveCfg = Release|Any CPU
		{390182AB-0121-4D2B-8A0C-EADDFB87C3D3}.Release|Any CPU.Build.0 = Release|Any CPU
	EndGlobalSection
EndGlobal
